// !$*UTF8*$!
{
	archiveVersion = 1;
	classes = {
	};
	objectVersion = 46;
	objects = {

/* Begin PBXBuildFile section */
		6F561A9E1DD3463E00E224B8 /* main.m in Sources */ = {isa = PBXBuildFile; fileRef = 6F561A9D1DD3463E00E224B8 /* main.m */; };
		6F561AA11DD3463E00E224B8 /* AppDelegate.m in Sources */ = {isa = PBXBuildFile; fileRef = 6F561AA01DD3463E00E224B8 /* AppDelegate.m */; };
		6F561AA41DD3463E00E224B8 /* ViewController.m in Sources */ = {isa = PBXBuildFile; fileRef = 6F561AA31DD3463E00E224B8 /* ViewController.m */; };
		6F561AA71DD3463E00E224B8 /* Main.storyboard in Resources */ = {isa = PBXBuildFile; fileRef = 6F561AA51DD3463E00E224B8 /* Main.storyboard */; };
		6F561AA91DD3463F00E224B8 /* Assets.xcassets in Resources */ = {isa = PBXBuildFile; fileRef = 6F561AA81DD3463F00E224B8 /* Assets.xcassets */; };
		6F561AAC1DD3463F00E224B8 /* LaunchScreen.storyboard in Resources */ = {isa = PBXBuildFile; fileRef = 6F561AAA1DD3463F00E224B8 /* LaunchScreen.storyboard */; };
		6F561AB81DD3580C00E224B8 /* TableViewController.m in Sources */ = {isa = PBXBuildFile; fileRef = 6F561AB71DD3580C00E224B8 /* TableViewController.m */; };
		6F561ABB1DD3589C00E224B8 /* TableViewCell.m in Sources */ = {isa = PBXBuildFile; fileRef = 6F561ABA1DD3589C00E224B8 /* TableViewCell.m */; };
/* End PBXBuildFile section */

/* Begin PBXFileReference section */
		6F561A991DD3463E00E224B8 /* Json.app */ = {isa = PBXFileReference; explicitFileType = wrapper.application; includeInIndex = 0; path = Json.app; sourceTree = BUILT_PRODUCTS_DIR; };
		6F561A9D1DD3463E00E224B8 /* main.m */ = {isa = PBXFileReference; lastKnownFileType = sourcecode.c.objc; path = main.m; sourceTree = "<group>"; };
		6F561A9F1DD3463E00E224B8 /* AppDelegate.h */ = {isa = PBXFileReference; lastKnownFileType = sourcecode.c.h; path = AppDelegate.h; sourceTree = "<group>"; };
		6F561AA01DD3463E00E224B8 /* AppDelegate.m */ = {isa = PBXFileReference; lastKnownFileType = sourcecode.c.objc; path = AppDelegate.m; sourceTree = "<group>"; };
		6F561AA21DD3463E00E224B8 /* ViewController.h */ = {isa = PBXFileReference; lastKnownFileType = sourcecode.c.h; path = ViewController.h; sourceTree = "<group>"; };
		6F561AA31DD3463E00E224B8 /* ViewController.m */ = {isa = PBXFileReference; lastKnownFileType = sourcecode.c.objc; path = ViewController.m; sourceTree = "<group>"; };
		6F561AA61DD3463E00E224B8 /* Base */ = {isa = PBXFileReference; lastKnownFileType = file.storyboard; name = Base; path = Base.lproj/Main.storyboard; sourceTree = "<group>"; };
		6F561AA81DD3463F00E224B8 /* Assets.xcassets */ = {isa = PBXFileReference; lastKnownFileType = folder.assetcatalog; path = Assets.xcassets; sourceTree = "<group>"; };
		6F561AAB1DD3463F00E224B8 /* Base */ = {isa = PBXFileReference; lastKnownFileType = file.storyboard; name = Base; path = Base.lproj/LaunchScreen.storyboard; sourceTree = "<group>"; };
		6F561AAD1DD3463F00E224B8 /* Info.plist */ = {isa = PBXFileReference; lastKnownFileType = text.plist.xml; path = Info.plist; sourceTree = "<group>"; };
		6F561AB61DD3580C00E224B8 /* TableViewController.h */ = {isa = PBXFileReference; fileEncoding = 4; lastKnownFileType = sourcecode.c.h; path = TableViewController.h; sourceTree = "<group>"; };
		6F561AB71DD3580C00E224B8 /* TableViewController.m */ = {isa = PBXFileReference; fileEncoding = 4; lastKnownFileType = sourcecode.c.objc; path = TableViewController.m; sourceTree = "<group>"; };
		6F561AB91DD3589C00E224B8 /* TableViewCell.h */ = {isa = PBXFileReference; fileEncoding = 4; lastKnownFileType = sourcecode.c.h; path = TableViewCell.h; sourceTree = "<group>"; };
		6F561ABA1DD3589C00E224B8 /* TableViewCell.m */ = {isa = PBXFileReference; fileEncoding = 4; lastKnownFileType = sourcecode.c.objc; path = TableViewCell.m; sourceTree = "<group>"; };
/* End PBXFileReference section */

/* Begin PBXFrameworksBuildPhase section */
		6F561A961DD3463E00E224B8 /* Frameworks */ = {
			isa = PBXFrameworksBuildPhase;
			buildActionMask = 2147483647;
			files = (
			);
			runOnlyForDeploymentPostprocessing = 0;
		};
/* End PBXFrameworksBuildPhase section */

/* Begin PBXGroup section */
		6F561A901DD3463E00E224B8 = {
			isa = PBXGroup;
			children = (
				6F561A9B1DD3463E00E224B8 /* Json */,
				6F561A9A1DD3463E00E224B8 /* Products */,
			);
			sourceTree = "<group>";
		};
		6F561A9A1DD3463E00E224B8 /* Products */ = {
			isa = PBXGroup;
			children = (
				6F561A991DD3463E00E224B8 /* Json.app */,
			);
			name = Products;
			sourceTree = "<group>";
		};
		6F561A9B1DD3463E00E224B8 /* Json */ = {
			isa = PBXGroup;
			children = (
				6F561A9F1DD3463E00E224B8 /* AppDelegate.h */,
				6F561AA01DD3463E00E224B8 /* AppDelegate.m */,
				6F561AA21DD3463E00E224B8 /* ViewController.h */,
				6F561AB61DD3580C00E224B8 /* TableViewController.h */,
				6F561AB91DD3589C00E224B8 /* TableViewCell.h */,
				6F561ABA1DD3589C00E224B8 /* TableViewCell.m */,
				6F561AB71DD3580C00E224B8 /* TableViewController.m */,
				6F561AA31DD3463E00E224B8 /* ViewController.m */,
				6F561AA51DD3463E00E224B8 /* Main.storyboard */,
				6F561AA81DD3463F00E224B8 /* Assets.xcassets */,
				6F561AAA1DD3463F00E224B8 /* LaunchScreen.storyboard */,
				6F561AAD1DD3463F00E224B8 /* Info.plist */,
				6F561A9C1DD3463E00E224B8 /* Supporting Files */,
			);
			path = Json;
			sourceTree = "<group>";
		};
		6F561A9C1DD3463E00E224B8 /* Supporting Files */ = {
			isa = PBXGroup;
			children = (
				6F561A9D1DD3463E00E224B8 /* main.m */,
			);
			name = "Supporting Files";
			sourceTree = "<group>";
		};
/* End PBXGroup section */

/* Begin PBXNativeTarget section */
		6F561A981DD3463E00E224B8 /* Json */ = {
			isa = PBXNativeTarget;
			buildConfigurationList = 6F561AB01DD3463F00E224B8 /* Build configuration list for PBXNativeTarget "Json" */;
			buildPhases = (
				6F561A951DD3463E00E224B8 /* Sources */,
				6F561A961DD3463E00E224B8 /* Frameworks */,
				6F561A971DD3463E00E224B8 /* Resources */,
			);
			buildRules = (
			);
			dependencies = (
			);
			name = Json;
			productName = Json;
			productReference = 6F561A991DD3463E00E224B8 /* Json.app */;
			productType = "com.apple.product-type.application";
		};
/* End PBXNativeTarget section */

/* Begin PBXProject section */
		6F561A911DD3463E00E224B8 /* Project object */ = {
			isa = PBXProject;
			attributes = {
				LastUpgradeCheck = 0730;
				ORGANIZATIONNAME = AkshayAwtade;
				TargetAttributes = {
					6F561A981DD3463E00E224B8 = {
						CreatedOnToolsVersion = 7.3.1;
					};
				};
			};
			buildConfigurationList = 6F561A941DD3463E00E224B8 /* Build configuration list for PBXProject "Json" */;
			compatibilityVersion = "Xcode 3.2";
			developmentRegion = English;
			hasScannedForEncodings = 0;
			knownRegions = (
				en,
				Base,
			);
			mainGroup = 6F561A901DD3463E00E224B8;
			productRefGroup = 6F561A9A1DD3463E00E224B8 /* Products */;
			projectDirPath = "";
			projectRoot = "";
			targets = (
				6F561A981DD3463E00E224B8 /* Json */,
			);
		};
/* End PBXProject section */

/* Begin PBXResourcesBuildPhase section */
		6F561A971DD3463E00E224B8 /* Resources */ = {
			isa = PBXResourcesBuildPhase;
			buildActionMask = 2147483647;
			files = (
				6F561AAC1DD3463F00E224B8 /* LaunchScreen.storyboard in Resources */,
				6F561AA91DD3463F00E224B8 /* Assets.xcassets in Resources */,
				6F561AA71DD3463E00E224B8 /* Main.storyboard in Resources */,
			);
			runOnlyForDeploymentPostprocessing = 0;
		};
/* End PBXResourcesBuildPhase section */

/* Begin PBXSourcesBuildPhase section */
		6F561A951DD3463E00E224B8 /* Sources */ = {
			isa = PBXSourcesBuildPhase;
			buildActionMask = 2147483647;
			files = (
				6F561AA41DD3463E00E224B8 /* ViewController.m in Sources */,
				6F561AA11DD3463E00E224B8 /* AppDelegate.m in Sources */,
				6F561A9E1DD3463E00E224B8 /* main.m in Sources */,
				6F561ABB1DD3589C00E224B8 /* TableViewCell.m in Sources */,
				6F561AB81DD3580C00E224B8 /* TableViewController.m in Sources */,
			);
			runOnlyForDeploymentPostprocessing = 0;
		};
/* End PBXSourcesBuildPhase section */

/* Begin PBXVariantGroup section */
		6F561AA51DD3463E00E224B8 /* Main.storyboard */ = {
			isa = PBXVariantGroup;
			children = (
				6F561AA61DD3463E00E224B8 /* Base */,
			);
			name = Main.storyboard;
			sourceTree = "<group>";
		};
		6F561AAA1DD3463F00E224B8 /* LaunchScreen.storyboard */ = {
			isa = PBXVariantGroup;
			children = (
				6F561AAB1DD3463F00E224B8 /* Base */,
			);
			name = LaunchScreen.storyboard;
			sourceTree = "<group>";
		};
/* End PBXVariantGroup section */

/* Begin XCBuildConfiguration section */
		6F561AAE1DD3463F00E224B8 /* Debug */ = {
			isa = XCBuildConfiguration;
			buildSettings = {
				ALWAYS_SEARCH_USER_PATHS = NO;
				CLANG_ANALYZER_NONNULL = YES;
				CLANG_CXX_LANGUAGE_STANDARD = "gnu++0x";
				CLANG_CXX_LIBRARY = "libc++";
				CLANG_ENABLE_MODULES = YES;
				CLANG_ENABLE_OBJC_ARC = YES;
				CLANG_WARN_BOOL_CONVERSION = YES;
				CLANG_WARN_CONSTANT_CONVERSION = YES;
				CLANG_WARN_DIRECT_OBJC_ISA_USAGE = YES_ERROR;
				CLANG_WARN_EMPTY_BODY = YES;
				CLANG_WARN_ENUM_CONVERSION = YES;
				CLANG_WARN_INT_CONVERSION = YES;
				CLANG_WARN_OBJC_ROOT_CLASS = YES_ERROR;
				CLANG_WARN_UNREACHABLE_CODE = YES;
				CLANG_WARN__DUPLICATE_METHOD_MATCH = YES;
				"CODE_SIGN_IDENTITY[sdk=iphoneos*]" = "iPhone Developer";
				COPY_PHASE_STRIP = NO;
				DEBUG_INFORMATION_FORMAT = dwarf;
				ENABLE_STRICT_OBJC_MSGSEND = YES;
				ENABLE_TESTABILITY = YES;
				GCC_C_LANGUAGE_STANDARD = gnu99;
				GCC_DYNAMIC_NO_PIC = NO;
				GCC_NO_COMMON_BLOCKS = YES;
				GCC_OPTIMIZATION_LEVEL = 0;
				GCC_PREPROCESSOR_DEFINITIONS = (
					"DEBUG=1",
					"$(inherited)",
				);
				GCC_WARN_64_TO_32_BIT_CONVERSION = YES;
				GCC_WARN_ABOUT_RETURN_TYPE = YES_ERROR;
				GCC_WARN_UNDECLARED_SELECTOR = YES;
				GCC_WARN_UNINITIALIZED_AUTOS = YES_AGGRESSIVE;
				GCC_WARN_UNUSED_FUNCTION = YES;
				GCC_WARN_UNUSED_VARIABLE = YES;
				IPHONEOS_DEPLOYMENT_TARGET = 9.3;
				MTL_ENABLE_DEBUG_INFO = YES;
				ONLY_ACTIVE_ARCH = YES;
				SDKROOT = iphoneos;
				TARGETED_DEVICE_FAMILY = "1,2";
			};
			name = Debug;
		};
		6F561AAF1DD3463F00E224B8 /* Release */ = {
			isa = XCBuildConfiguration;
			buildSettings = {
				ALWAYS_SEARCH_USER_PATHS = NO;
				CLANG_ANALYZER_NONNULL = YES;
				CLANG_CXX_LANGUAGE_STANDARD = "gnu++0x";
				CLANG_CXX_LIBRARY = "libc++";
				CLANG_ENABLE_MODULES = YES;
				CLANG_ENABLE_OBJC_ARC = YES;
				CLANG_WARN_BOOL_CONVERSION = YES;
				CLANG_WARN_CONSTANT_CONVERSION = YES;
				CLANG_WARN_DIRECT_OBJC_ISA_USAGE = YES_ERROR;
				CLANG_WARN_EMPTY_BODY = YES;
				CLANG_WARN_ENUM_CONVERSION = YES;
				CLANG_WARN_INT_CONVERSION = YES;
				CLANG_WARN_OBJC_ROOT_CLASS = YES_ERROR;
				CLANG_WARN_UNREACHABLE_CODE = YES;
				CLANG_WARN__DUPLICATE_METHOD_MATCH = YES;
				"CODE_SIGN_IDENTITY[sdk=iphoneos*]" = "iPhone Developer";
				COPY_PHASE_STRIP = NO;
				DEBUG_INFORMATION_FORMAT = "dwarf-with-dsym";
				ENABLE_NS_ASSERTIONS = NO;
				ENABLE_STRICT_OBJC_MSGSEND = YES;
				GCC_C_LANGUAGE_STANDARD = gnu99;
				GCC_NO_COMMON_BLOCKS = YES;
				GCC_WARN_64_TO_32_BIT_CONVERSION = YES;
				GCC_WARN_ABOUT_RETURN_TYPE = YES_ERROR;
				GCC_WARN_UNDECLARED_SELECTOR = YES;
				GCC_WARN_UNINITIALIZED_AUTOS = YES_AGGRESSIVE;
				GCC_WARN_UNUSED_FUNCTION = YES;
				GCC_WARN_UNUSED_VARIABLE = YES;
				IPHONEOS_DEPLOYMENT_TARGET = 9.3;
				MTL_ENABLE_DEBUG_INFO = NO;
				SDKROOT = iphoneos;
				TARGETED_DEVICE_FAMILY = "1,2";
				VALIDATE_PRODUCT = YES;
			};
			name = Release;
		};
		6F561AB11DD3463F00E224B8 /* Debug */ = {
			isa = XCBuildConfiguration;
			buildSettings = {
				ASSETCATALOG_COMPILER_APPICON_NAME = AppIcon;
				INFOPLIST_FILE = Json/Info.plist;
				LD_RUNPATH_SEARCH_PATHS = "$(inherited) @executable_path/Frameworks";
				PRODUCT_BUNDLE_IDENTIFIER = com.felix.AkshayAwtade.Json;
				PRODUCT_NAME = "$(TARGET_NAME)";
			};
			name = Debug;
		};
		6F561AB21DD3463F00E224B8 /* Release */ = {
			isa = XCBuildConfiguration;
			buildSettings = {
				ASSETCATALOG_COMPILER_APPICON_NAME = AppIcon;
				INFOPLIST_FILE = Json/Info.plist;
				LD_RUNPATH_SEARCH_PATHS = "$(inherited) @executable_path/Frameworks";
				PRODUCT_BUNDLE_IDENTIFIER = com.felix.AkshayAwtade.Json;
				PRODUCT_NAME = "$(TARGET_NAME)";
			};
			name = Release;
		};
/* End XCBuildConfiguration section */

/* Begin XCConfigurationList section */
		6F561A941DD3463E00E224B8 /* Build configuration list for PBXProject "Json" */ = {
			isa = XCConfigurationList;
			buildConfigurations = (
				6F561AAE1DD3463F00E224B8 /* Debug */,
				6F561AAF1DD3463F00E224B8 /* Release */,
			);
			defaultConfigurationIsVisible = 0;
			defaultConfigurationName = Release;
		};
		6F561AB01DD3463F00E224B8 /* Build configuration list for PBXNativeTarget "Json" */ = {
			isa = XCConfigurationList;
			buildConfigurations = (
				6F561AB11DD3463F00E224B8 /* Debug */,
				6F561AB21DD3463F00E224B8 /* Release */,
			);
			defaultConfigurationIsVisible = 0;
		};
/* End XCConfigurationList section */
	};
	rootObject = 6F561A911DD3463E00E224B8 /* Project object */;
}
